// !$*UTF8*$!
{
	archiveVersion = 1;
	classes = {
	};
	objectVersion = 45;
	objects = {

/* Begin PBXBuildFile section */
		1D3623260D0F684500981E51 /* SourDoughAppDelegate.m in Sources */ = {isa = PBXBuildFile; fileRef = 1D3623250D0F684500981E51 /* SourDoughAppDelegate.m */; };
		1D60589B0D05DD56006BFB54 /* main.m in Sources */ = {isa = PBXBuildFile; fileRef = 29B97316FDCFA39411CA2CEA /* main.m */; };
		1D60589F0D05DD5A006BFB54 /* Foundation.framework in Frameworks */ = {isa = PBXBuildFile; fileRef = 1D30AB110D05D00D00671497 /* Foundation.framework */; };
		1DF5F4E00D08C38300B7A737 /* UIKit.framework in Frameworks */ = {isa = PBXBuildFile; fileRef = 1DF5F4DF0D08C38300B7A737 /* UIKit.framework */; };
		280E754D0DD40C5E005A515E /* FlipsideView.xib in Resources */ = {isa = PBXBuildFile; fileRef = 280E754A0DD40C5E005A515E /* FlipsideView.xib */; };
		280E754E0DD40C5E005A515E /* MainView.xib in Resources */ = {isa = PBXBuildFile; fileRef = 280E754B0DD40C5E005A515E /* MainView.xib */; };
		280E754F0DD40C5E005A515E /* MainWindow.xib in Resources */ = {isa = PBXBuildFile; fileRef = 280E754C0DD40C5E005A515E /* MainWindow.xib */; };
		288765590DF743DE002DB57D /* CoreGraphics.framework in Frameworks */ = {isa = PBXBuildFile; fileRef = 288765580DF743DE002DB57D /* CoreGraphics.framework */; };
		289233A60DB2D0840083E9F9 /* FlipsideView.m in Sources */ = {isa = PBXBuildFile; fileRef = 289233A30DB2D0840083E9F9 /* FlipsideView.m */; };
		289233A70DB2D0840083E9F9 /* MainView.m in Sources */ = {isa = PBXBuildFile; fileRef = 289233A50DB2D0840083E9F9 /* MainView.m */; };
		289233AE0DB2D0DB0083E9F9 /* MainViewController.m in Sources */ = {isa = PBXBuildFile; fileRef = 289233A90DB2D0DB0083E9F9 /* MainViewController.m */; };
		289233AF0DB2D0DB0083E9F9 /* RootViewController.m in Sources */ = {isa = PBXBuildFile; fileRef = 289233AB0DB2D0DB0083E9F9 /* RootViewController.m */; };
		289233B00DB2D0DB0083E9F9 /* FlipsideViewController.m in Sources */ = {isa = PBXBuildFile; fileRef = 289233AD0DB2D0DB0083E9F9 /* FlipsideViewController.m */; };
		94CFDF440ECA9590004074F2 /* Face.png in Resources */ = {isa = PBXBuildFile; fileRef = 94CFDF430ECA9590004074F2 /* Face.png */; };
		94CFDF460ECA9721004074F2 /* BG.png in Resources */ = {isa = PBXBuildFile; fileRef = 94CFDF450ECA9721004074F2 /* BG.png */; };
		94CFDF480ECA97AD004074F2 /* Bubble.png in Resources */ = {isa = PBXBuildFile; fileRef = 94CFDF470ECA97AD004074F2 /* Bubble.png */; };
		94CFDF4D0ECA9A75004074F2 /* Drop.png in Resources */ = {isa = PBXBuildFile; fileRef = 94CFDF4C0ECA9A75004074F2 /* Drop.png */; };
		94CFDF5A0ECA9B91004074F2 /* PageOne.xib in Resources */ = {isa = PBXBuildFile; fileRef = 94CFDF590ECA9B91004074F2 /* PageOne.xib */; };
		94CFDF5F0ECA9BCF004074F2 /* PageOneViewController.m in Sources */ = {isa = PBXBuildFile; fileRef = 94CFDF5E0ECA9BCF004074F2 /* PageOneViewController.m */; };
		94CFDF980ECA9D56004074F2 /* PageTwoViewController.m in Sources */ = {isa = PBXBuildFile; fileRef = 94CFDF970ECA9D56004074F2 /* PageTwoViewController.m */; };
		94CFDF9A0ECA9D62004074F2 /* PageTwo.xib in Resources */ = {isa = PBXBuildFile; fileRef = 94CFDF990ECA9D62004074F2 /* PageTwo.xib */; };
		94E5F3F70ED0EAFA00257986 /* blimp-bg-0-earlymorning.png in Resources */ = {isa = PBXBuildFile; fileRef = 94E5F3F10ED0EAFA00257986 /* blimp-bg-0-earlymorning.png */; };
		94E5F3F80ED0EAFA00257986 /* blimp-bg-4-night.png in Resources */ = {isa = PBXBuildFile; fileRef = 94E5F3F20ED0EAFA00257986 /* blimp-bg-4-night.png */; };
		94E5F3F90ED0EAFA00257986 /* blimp-bg-2-midday.png in Resources */ = {isa = PBXBuildFile; fileRef = 94E5F3F30ED0EAFA00257986 /* blimp-bg-2-midday.png */; };
		94E5F3FA0ED0EAFA00257986 /* blimp-bg-3-evening.png in Resources */ = {isa = PBXBuildFile; fileRef = 94E5F3F40ED0EAFA00257986 /* blimp-bg-3-evening.png */; };
		94E5F3FB0ED0EAFA00257986 /* blimp-bg-5-latenight.png in Resources */ = {isa = PBXBuildFile; fileRef = 94E5F3F50ED0EAFA00257986 /* blimp-bg-5-latenight.png */; };
		94E5F3FC0ED0EAFA00257986 /* blimp-bg-1-morning.png in Resources */ = {isa = PBXBuildFile; fileRef = 94E5F3F60ED0EAFA00257986 /* blimp-bg-1-morning.png */; };
		94E5F4190ED0EE9400257986 /* trans-box.png in Resources */ = {isa = PBXBuildFile; fileRef = 94E5F4180ED0EE9400257986 /* trans-box.png */; };
		94E5F4B70ED24A1D00257986 /* 1sel.png in Resources */ = {isa = PBXBuildFile; fileRef = 94E5F4B50ED24A1D00257986 /* 1sel.png */; };
		94E5F4B80ED24A1D00257986 /* 1un.png in Resources */ = {isa = PBXBuildFile; fileRef = 94E5F4B60ED24A1D00257986 /* 1un.png */; };
		94E5F4C10ED24B3E00257986 /* 2sel.png in Resources */ = {isa = PBXBuildFile; fileRef = 94E5F4BD0ED24B3E00257986 /* 2sel.png */; };
		94E5F4C20ED24B3E00257986 /* 3un.png in Resources */ = {isa = PBXBuildFile; fileRef = 94E5F4BE0ED24B3E00257986 /* 3un.png */; };
		94E5F4C30ED24B3E00257986 /* 3sel.png in Resources */ = {isa = PBXBuildFile; fileRef = 94E5F4BF0ED24B3E00257986 /* 3sel.png */; };
		94E5F4C40ED24B3E00257986 /* 2un.png in Resources */ = {isa = PBXBuildFile; fileRef = 94E5F4C00ED24B3E00257986 /* 2un.png */; };
		94E5F4D40ED24CC500257986 /* 8un.png in Resources */ = {isa = PBXBuildFile; fileRef = 94E5F4C80ED24CC500257986 /* 8un.png */; };
		94E5F4D50ED24CC500257986 /* 8sel.png in Resources */ = {isa = PBXBuildFile; fileRef = 94E5F4C90ED24CC500257986 /* 8sel.png */; };
		94E5F4D60ED24CC500257986 /* 5sel.png in Resources */ = {isa = PBXBuildFile; fileRef = 94E5F4CA0ED24CC500257986 /* 5sel.png */; };
		94E5F4D70ED24CC500257986 /* 7sel.png in Resources */ = {isa = PBXBuildFile; fileRef = 94E5F4CB0ED24CC500257986 /* 7sel.png */; };
		94E5F4D80ED24CC500257986 /* 9sel.png in Resources */ = {isa = PBXBuildFile; fileRef = 94E5F4CC0ED24CC500257986 /* 9sel.png */; };
		94E5F4D90ED24CC500257986 /* 4sel.png in Resources */ = {isa = PBXBuildFile; fileRef = 94E5F4CD0ED24CC500257986 /* 4sel.png */; };
		94E5F4DA0ED24CC500257986 /* 6un.png in Resources */ = {isa = PBXBuildFile; fileRef = 94E5F4CE0ED24CC500257986 /* 6un.png */; };
		94E5F4DB0ED24CC500257986 /* 7un.png in Resources */ = {isa = PBXBuildFile; fileRef = 94E5F4CF0ED24CC500257986 /* 7un.png */; };
		94E5F4DC0ED24CC500257986 /* 5un.png in Resources */ = {isa = PBXBuildFile; fileRef = 94E5F4D00ED24CC500257986 /* 5un.png */; };
		94E5F4DD0ED24CC500257986 /* 9un.png in Resources */ = {isa = PBXBuildFile; fileRef = 94E5F4D10ED24CC500257986 /* 9un.png */; };
		94E5F4DE0ED24CC500257986 /* 6sel.png in Resources */ = {isa = PBXBuildFile; fileRef = 94E5F4D20ED24CC500257986 /* 6sel.png */; };
		94E5F4DF0ED24CC500257986 /* 4un.png in Resources */ = {isa = PBXBuildFile; fileRef = 94E5F4D30ED24CC500257986 /* 4un.png */; };
		94E5F4E40ED24CCC00257986 /* dotsel.png in Resources */ = {isa = PBXBuildFile; fileRef = 94E5F4E00ED24CCC00257986 /* dotsel.png */; };
		94E5F4E50ED24CCC00257986 /* delsel.png in Resources */ = {isa = PBXBuildFile; fileRef = 94E5F4E10ED24CCC00257986 /* delsel.png */; };
		94E5F4E60ED24CCC00257986 /* delun.png in Resources */ = {isa = PBXBuildFile; fileRef = 94E5F4E20ED24CCC00257986 /* delun.png */; };
		94E5F4E70ED24CCC00257986 /* dotun.png in Resources */ = {isa = PBXBuildFile; fileRef = 94E5F4E30ED24CCC00257986 /* dotun.png */; };
		94E5F4EA0ED24D5900257986 /* 0un.png in Resources */ = {isa = PBXBuildFile; fileRef = 94E5F4E80ED24D5900257986 /* 0un.png */; };
		94E5F4EB0ED24D5900257986 /* 0sel.png in Resources */ = {isa = PBXBuildFile; fileRef = 94E5F4E90ED24D5900257986 /* 0sel.png */; };
		94E5F4FD0ED252F100257986 /* bar.png in Resources */ = {isa = PBXBuildFile; fileRef = 94E5F4FC0ED252F100257986 /* bar.png */; };
/* End PBXBuildFile section */

/* Begin PBXFileReference section */
		1D30AB110D05D00D00671497 /* Foundation.framework */ = {isa = PBXFileReference; lastKnownFileType = wrapper.framework; name = Foundation.framework; path = System/Library/Frameworks/Foundation.framework; sourceTree = SDKROOT; };
		1D3623240D0F684500981E51 /* SourDoughAppDelegate.h */ = {isa = PBXFileReference; fileEncoding = 4; lastKnownFileType = sourcecode.c.h; path = SourDoughAppDelegate.h; sourceTree = "<group>"; };
		1D3623250D0F684500981E51 /* SourDoughAppDelegate.m */ = {isa = PBXFileReference; fileEncoding = 4; lastKnownFileType = sourcecode.c.objc; path = SourDoughAppDelegate.m; sourceTree = "<group>"; };
		1D6058910D05DD3D006BFB54 /* SourDough.app */ = {isa = PBXFileReference; explicitFileType = wrapper.application; includeInIndex = 0; path = SourDough.app; sourceTree = BUILT_PRODUCTS_DIR; };
		1DF5F4DF0D08C38300B7A737 /* UIKit.framework */ = {isa = PBXFileReference; lastKnownFileType = wrapper.framework; name = UIKit.framework; path = System/Library/Frameworks/UIKit.framework; sourceTree = SDKROOT; };
		280E754A0DD40C5E005A515E /* FlipsideView.xib */ = {isa = PBXFileReference; lastKnownFileType = file.xib; path = FlipsideView.xib; sourceTree = "<group>"; };
		280E754B0DD40C5E005A515E /* MainView.xib */ = {isa = PBXFileReference; lastKnownFileType = file.xib; path = MainView.xib; sourceTree = "<group>"; };
		280E754C0DD40C5E005A515E /* MainWindow.xib */ = {isa = PBXFileReference; lastKnownFileType = file.xib; path = MainWindow.xib; sourceTree = "<group>"; };
		288765580DF743DE002DB57D /* CoreGraphics.framework */ = {isa = PBXFileReference; lastKnownFileType = wrapper.framework; name = CoreGraphics.framework; path = System/Library/Frameworks/CoreGraphics.framework; sourceTree = SDKROOT; };
		289233A20DB2D0840083E9F9 /* FlipsideView.h */ = {isa = PBXFileReference; fileEncoding = 4; lastKnownFileType = sourcecode.c.h; name = FlipsideView.h; path = Classes/FlipsideView.h; sourceTree = "<group>"; };
		289233A30DB2D0840083E9F9 /* FlipsideView.m */ = {isa = PBXFileReference; fileEncoding = 4; lastKnownFileType = sourcecode.c.objc; name = FlipsideView.m; path = Classes/FlipsideView.m; sourceTree = "<group>"; };
		289233A40DB2D0840083E9F9 /* MainView.h */ = {isa = PBXFileReference; fileEncoding = 4; lastKnownFileType = sourcecode.c.h; name = MainView.h; path = Classes/MainView.h; sourceTree = "<group>"; };
		289233A50DB2D0840083E9F9 /* MainView.m */ = {isa = PBXFileReference; fileEncoding = 4; lastKnownFileType = sourcecode.c.objc; name = MainView.m; path = Classes/MainView.m; sourceTree = "<group>"; };
		289233A80DB2D0DB0083E9F9 /* MainViewController.h */ = {isa = PBXFileReference; fileEncoding = 4; lastKnownFileType = sourcecode.c.h; name = MainViewController.h; path = Classes/MainViewController.h; sourceTree = "<group>"; };
		289233A90DB2D0DB0083E9F9 /* MainViewController.m */ = {isa = PBXFileReference; fileEncoding = 4; lastKnownFileType = sourcecode.c.objc; name = MainViewController.m; path = Classes/MainViewController.m; sourceTree = "<group>"; };
		289233AA0DB2D0DB0083E9F9 /* RootViewController.h */ = {isa = PBXFileReference; fileEncoding = 4; lastKnownFileType = sourcecode.c.h; path = RootViewController.h; sourceTree = "<group>"; };
		289233AB0DB2D0DB0083E9F9 /* RootViewController.m */ = {isa = PBXFileReference; fileEncoding = 4; lastKnownFileType = sourcecode.c.objc; path = RootViewController.m; sourceTree = "<group>"; };
		289233AC0DB2D0DB0083E9F9 /* FlipsideViewController.h */ = {isa = PBXFileReference; fileEncoding = 4; lastKnownFileType = sourcecode.c.h; name = FlipsideViewController.h; path = Classes/FlipsideViewController.h; sourceTree = "<group>"; };
		289233AD0DB2D0DB0083E9F9 /* FlipsideViewController.m */ = {isa = PBXFileReference; fileEncoding = 4; lastKnownFileType = sourcecode.c.objc; name = FlipsideViewController.m; path = Classes/FlipsideViewController.m; sourceTree = "<group>"; };
		29B97316FDCFA39411CA2CEA /* main.m */ = {isa = PBXFileReference; fileEncoding = 4; lastKnownFileType = sourcecode.c.objc; path = main.m; sourceTree = "<group>"; };
		32CA4F630368D1EE00C91783 /* SourDough_Prefix.pch */ = {isa = PBXFileReference; fileEncoding = 4; lastKnownFileType = sourcecode.c.h; path = SourDough_Prefix.pch; sourceTree = "<group>"; };
		8D1107310486CEB800E47090 /* Info.plist */ = {isa = PBXFileReference; fileEncoding = 4; lastKnownFileType = text.plist.xml; path = Info.plist; sourceTree = "<group>"; };
		94CFDF430ECA9590004074F2 /* Face.png */ = {isa = PBXFileReference; lastKnownFileType = image.png; path = Face.png; sourceTree = "<group>"; };
		94CFDF450ECA9721004074F2 /* BG.png */ = {isa = PBXFileReference; lastKnownFileType = image.png; path = BG.png; sourceTree = "<group>"; };
		94CFDF470ECA97AD004074F2 /* Bubble.png */ = {isa = PBXFileReference; lastKnownFileType = image.png; path = Bubble.png; sourceTree = "<group>"; };
		94CFDF4C0ECA9A75004074F2 /* Drop.png */ = {isa = PBXFileReference; lastKnownFileType = image.png; path = Drop.png; sourceTree = "<group>"; };
		94CFDF590ECA9B91004074F2 /* PageOne.xib */ = {isa = PBXFileReference; lastKnownFileType = file.xib; path = PageOne.xib; sourceTree = "<group>"; };
		94CFDF5D0ECA9BCF004074F2 /* PageOneViewController.h */ = {isa = PBXFileReference; fileEncoding = 4; lastKnownFileType = sourcecode.c.h; path = PageOneViewController.h; sourceTree = "<group>"; };
		94CFDF5E0ECA9BCF004074F2 /* PageOneViewController.m */ = {isa = PBXFileReference; fileEncoding = 4; lastKnownFileType = sourcecode.c.objc; path = PageOneViewController.m; sourceTree = "<group>"; };
		94CFDF960ECA9D56004074F2 /* PageTwoViewController.h */ = {isa = PBXFileReference; fileEncoding = 4; lastKnownFileType = sourcecode.c.h; path = PageTwoViewController.h; sourceTree = "<group>"; };
		94CFDF970ECA9D56004074F2 /* PageTwoViewController.m */ = {isa = PBXFileReference; fileEncoding = 4; lastKnownFileType = sourcecode.c.objc; path = PageTwoViewController.m; sourceTree = "<group>"; };
		94CFDF990ECA9D62004074F2 /* PageTwo.xib */ = {isa = PBXFileReference; lastKnownFileType = file.xib; path = PageTwo.xib; sourceTree = "<group>"; };
		94E5F3F10ED0EAFA00257986 /* blimp-bg-0-earlymorning.png */ = {isa = PBXFileReference; lastKnownFileType = image.png; path = "blimp-bg-0-earlymorning.png"; sourceTree = "<group>"; };
		94E5F3F20ED0EAFA00257986 /* blimp-bg-4-night.png */ = {isa = PBXFileReference; lastKnownFileType = image.png; path = "blimp-bg-4-night.png"; sourceTree = "<group>"; };
		94E5F3F30ED0EAFA00257986 /* blimp-bg-2-midday.png */ = {isa = PBXFileReference; lastKnownFileType = image.png; path = "blimp-bg-2-midday.png"; sourceTree = "<group>"; };
		94E5F3F40ED0EAFA00257986 /* blimp-bg-3-evening.png */ = {isa = PBXFileReference; lastKnownFileType = image.png; path = "blimp-bg-3-evening.png"; sourceTree = "<group>"; };
		94E5F3F50ED0EAFA00257986 /* blimp-bg-5-latenight.png */ = {isa = PBXFileReference; lastKnownFileType = image.png; path = "blimp-bg-5-latenight.png"; sourceTree = "<group>"; };
		94E5F3F60ED0EAFA00257986 /* blimp-bg-1-morning.png */ = {isa = PBXFileReference; lastKnownFileType = image.png; path = "blimp-bg-1-morning.png"; sourceTree = "<group>"; };
		94E5F4180ED0EE9400257986 /* trans-box.png */ = {isa = PBXFileReference; lastKnownFileType = image.png; path = "trans-box.png"; sourceTree = "<group>"; };
		94E5F4B50ED24A1D00257986 /* 1sel.png */ = {isa = PBXFileReference; lastKnownFileType = image.png; path = 1sel.png; sourceTree = "<group>"; };
		94E5F4B60ED24A1D00257986 /* 1un.png */ = {isa = PBXFileReference; lastKnownFileType = image.png; path = 1un.png; sourceTree = "<group>"; };
		94E5F4BD0ED24B3E00257986 /* 2sel.png */ = {isa = PBXFileReference; lastKnownFileType = image.png; path = 2sel.png; sourceTree = "<group>"; };
		94E5F4BE0ED24B3E00257986 /* 3un.png */ = {isa = PBXFileReference; lastKnownFileType = image.png; path = 3un.png; sourceTree = "<group>"; };
		94E5F4BF0ED24B3E00257986 /* 3sel.png */ = {isa = PBXFileReference; lastKnownFileType = image.png; path = 3sel.png; sourceTree = "<group>"; };
		94E5F4C00ED24B3E00257986 /* 2un.png */ = {isa = PBXFileReference; lastKnownFileType = image.png; path = 2un.png; sourceTree = "<group>"; };
		94E5F4C80ED24CC500257986 /* 8un.png */ = {isa = PBXFileReference; lastKnownFileType = image.png; path = 8un.png; sourceTree = "<group>"; };
		94E5F4C90ED24CC500257986 /* 8sel.png */ = {isa = PBXFileReference; lastKnownFileType = image.png; path = 8sel.png; sourceTree = "<group>"; };
		94E5F4CA0ED24CC500257986 /* 5sel.png */ = {isa = PBXFileReference; lastKnownFileType = image.png; path = 5sel.png; sourceTree = "<group>"; };
		94E5F4CB0ED24CC500257986 /* 7sel.png */ = {isa = PBXFileReference; lastKnownFileType = image.png; path = 7sel.png; sourceTree = "<group>"; };
		94E5F4CC0ED24CC500257986 /* 9sel.png */ = {isa = PBXFileReference; lastKnownFileType = image.png; path = 9sel.png; sourceTree = "<group>"; };
		94E5F4CD0ED24CC500257986 /* 4sel.png */ = {isa = PBXFileReference; lastKnownFileType = image.png; path = 4sel.png; sourceTree = "<group>"; };
		94E5F4CE0ED24CC500257986 /* 6un.png */ = {isa = PBXFileReference; lastKnownFileType = image.png; path = 6un.png; sourceTree = "<group>"; };
		94E5F4CF0ED24CC500257986 /* 7un.png */ = {isa = PBXFileReference; lastKnownFileType = image.png; path = 7un.png; sourceTree = "<group>"; };
		94E5F4D00ED24CC500257986 /* 5un.png */ = {isa = PBXFileReference; lastKnownFileType = image.png; path = 5un.png; sourceTree = "<group>"; };
		94E5F4D10ED24CC500257986 /* 9un.png */ = {isa = PBXFileReference; lastKnownFileType = image.png; path = 9un.png; sourceTree = "<group>"; };
		94E5F4D20ED24CC500257986 /* 6sel.png */ = {isa = PBXFileReference; lastKnownFileType = image.png; path = 6sel.png; sourceTree = "<group>"; };
		94E5F4D30ED24CC500257986 /* 4un.png */ = {isa = PBXFileReference; lastKnownFileType = image.png; path = 4un.png; sourceTree = "<group>"; };
		94E5F4E00ED24CCC00257986 /* dotsel.png */ = {isa = PBXFileReference; lastKnownFileType = image.png; path = dotsel.png; sourceTree = "<group>"; };
		94E5F4E10ED24CCC00257986 /* delsel.png */ = {isa = PBXFileReference; lastKnownFileType = image.png; path = delsel.png; sourceTree = "<group>"; };
		94E5F4E20ED24CCC00257986 /* delun.png */ = {isa = PBXFileReference; lastKnownFileType = image.png; path = delun.png; sourceTree = "<group>"; };
		94E5F4E30ED24CCC00257986 /* dotun.png */ = {isa = PBXFileReference; lastKnownFileType = image.png; path = dotun.png; sourceTree = "<group>"; };
		94E5F4E80ED24D5900257986 /* 0un.png */ = {isa = PBXFileReference; lastKnownFileType = image.png; path = 0un.png; sourceTree = "<group>"; };
		94E5F4E90ED24D5900257986 /* 0sel.png */ = {isa = PBXFileReference; lastKnownFileType = image.png; path = 0sel.png; sourceTree = "<group>"; };
		94E5F4FC0ED252F100257986 /* bar.png */ = {isa = PBXFileReference; lastKnownFileType = image.png; path = bar.png; sourceTree = "<group>"; };
/* End PBXFileReference section */

/* Begin PBXFrameworksBuildPhase section */
		1D60588F0D05DD3D006BFB54 /* Frameworks */ = {
			isa = PBXFrameworksBuildPhase;
			buildActionMask = 2147483647;
			files = (
				1D60589F0D05DD5A006BFB54 /* Foundation.framework in Frameworks */,
				1DF5F4E00D08C38300B7A737 /* UIKit.framework in Frameworks */,
				288765590DF743DE002DB57D /* CoreGraphics.framework in Frameworks */,
			);
			runOnlyForDeploymentPostprocessing = 0;
		};
/* End PBXFrameworksBuildPhase section */

/* Begin PBXGroup section */
		080E96DDFE201D6D7F000001 /* Application Controllers */ = {
			isa = PBXGroup;
			children = (
				289233AA0DB2D0DB0083E9F9 /* RootViewController.h */,
				289233AB0DB2D0DB0083E9F9 /* RootViewController.m */,
				1D3623240D0F684500981E51 /* SourDoughAppDelegate.h */,
				1D3623250D0F684500981E51 /* SourDoughAppDelegate.m */,
			);
			name = "Application Controllers";
			path = Classes;
			sourceTree = "<group>";
		};
		19C28FACFE9D520D11CA2CBB /* Products */ = {
			isa = PBXGroup;
			children = (
				1D6058910D05DD3D006BFB54 /* SourDough.app */,
			);
			name = Products;
			sourceTree = "<group>";
		};
		281C6CD70DB2D82200F60ACC /* Flipside View */ = {
			isa = PBXGroup;
			children = (
				289233A20DB2D0840083E9F9 /* FlipsideView.h */,
				289233A30DB2D0840083E9F9 /* FlipsideView.m */,
				289233AC0DB2D0DB0083E9F9 /* FlipsideViewController.h */,
				289233AD0DB2D0DB0083E9F9 /* FlipsideViewController.m */,
			);
			name = "Flipside View";
			sourceTree = "<group>";
		};
		289233A00DB2D0730083E9F9 /* Main View */ = {
			isa = PBXGroup;
			children = (
				289233A40DB2D0840083E9F9 /* MainView.h */,
				289233A50DB2D0840083E9F9 /* MainView.m */,
				289233A80DB2D0DB0083E9F9 /* MainViewController.h */,
				289233A90DB2D0DB0083E9F9 /* MainViewController.m */,
				94CFDF5D0ECA9BCF004074F2 /* PageOneViewController.h */,
				94CFDF5E0ECA9BCF004074F2 /* PageOneViewController.m */,
				94CFDF960ECA9D56004074F2 /* PageTwoViewController.h */,
				94CFDF970ECA9D56004074F2 /* PageTwoViewController.m */,
			);
			name = "Main View";
			sourceTree = "<group>";
		};
		29B97314FDCFA39411CA2CEA /* CustomTemplate */ = {
			isa = PBXGroup;
			children = (
				289233A00DB2D0730083E9F9 /* Main View */,
				281C6CD70DB2D82200F60ACC /* Flipside View */,
				080E96DDFE201D6D7F000001 /* Application Controllers */,
				29B97315FDCFA39411CA2CEA /* Other Sources */,
				29B97317FDCFA39411CA2CEA /* Resources */,
				29B97323FDCFA39411CA2CEA /* Frameworks */,
				19C28FACFE9D520D11CA2CBB /* Products */,
			);
			name = CustomTemplate;
			sourceTree = "<group>";
		};
		29B97315FDCFA39411CA2CEA /* Other Sources */ = {
			isa = PBXGroup;
			children = (
				32CA4F630368D1EE00C91783 /* SourDough_Prefix.pch */,
				29B97316FDCFA39411CA2CEA /* main.m */,
			);
			name = "Other Sources";
			sourceTree = "<group>";
		};
		29B97317FDCFA39411CA2CEA /* Resources */ = {
			isa = PBXGroup;
			children = (
				94E5F4FC0ED252F100257986 /* bar.png */,
				94E5F4E80ED24D5900257986 /* 0un.png */,
				94E5F4E90ED24D5900257986 /* 0sel.png */,
				94E5F4E00ED24CCC00257986 /* dotsel.png */,
				94E5F4E10ED24CCC00257986 /* delsel.png */,
				94E5F4E20ED24CCC00257986 /* delun.png */,
				94E5F4E30ED24CCC00257986 /* dotun.png */,
				94E5F4C80ED24CC500257986 /* 8un.png */,
				94E5F4C90ED24CC500257986 /* 8sel.png */,
				94E5F4CA0ED24CC500257986 /* 5sel.png */,
				94E5F4CB0ED24CC500257986 /* 7sel.png */,
				94E5F4CC0ED24CC500257986 /* 9sel.png */,
				94E5F4CD0ED24CC500257986 /* 4sel.png */,
				94E5F4CE0ED24CC500257986 /* 6un.png */,
				94E5F4CF0ED24CC500257986 /* 7un.png */,
				94E5F4D00ED24CC500257986 /* 5un.png */,
				94E5F4D10ED24CC500257986 /* 9un.png */,
				94E5F4D20ED24CC500257986 /* 6sel.png */,
				94E5F4D30ED24CC500257986 /* 4un.png */,
				94E5F4BD0ED24B3E00257986 /* 2sel.png */,
				94E5F4BE0ED24B3E00257986 /* 3un.png */,
				94E5F4BF0ED24B3E00257986 /* 3sel.png */,
				94E5F4C00ED24B3E00257986 /* 2un.png */,
				94E5F4B50ED24A1D00257986 /* 1sel.png */,
				94E5F4B60ED24A1D00257986 /* 1un.png */,
				94E5F4180ED0EE9400257986 /* trans-box.png */,
				94E5F3F10ED0EAFA00257986 /* blimp-bg-0-earlymorning.png */,
				94E5F3F20ED0EAFA00257986 /* blimp-bg-4-night.png */,
				94E5F3F30ED0EAFA00257986 /* blimp-bg-2-midday.png */,
				94E5F3F40ED0EAFA00257986 /* blimp-bg-3-evening.png */,
				94E5F3F50ED0EAFA00257986 /* blimp-bg-5-latenight.png */,
				94E5F3F60ED0EAFA00257986 /* blimp-bg-1-morning.png */,
				94CFDF4C0ECA9A75004074F2 /* Drop.png */,
				94CFDF470ECA97AD004074F2 /* Bubble.png */,
				94CFDF450ECA9721004074F2 /* BG.png */,
				94CFDF430ECA9590004074F2 /* Face.png */,
				280E754A0DD40C5E005A515E /* FlipsideView.xib */,
				280E754B0DD40C5E005A515E /* MainView.xib */,
				280E754C0DD40C5E005A515E /* MainWindow.xib */,
				8D1107310486CEB800E47090 /* Info.plist */,
				94CFDF590ECA9B91004074F2 /* PageOne.xib */,
				94CFDF990ECA9D62004074F2 /* PageTwo.xib */,
			);
			name = Resources;
			sourceTree = "<group>";
		};
		29B97323FDCFA39411CA2CEA /* Frameworks */ = {
			isa = PBXGroup;
			children = (
				1DF5F4DF0D08C38300B7A737 /* UIKit.framework */,
				1D30AB110D05D00D00671497 /* Foundation.framework */,
				288765580DF743DE002DB57D /* CoreGraphics.framework */,
			);
			name = Frameworks;
			sourceTree = "<group>";
		};
/* End PBXGroup section */

/* Begin PBXNativeTarget section */
		1D6058900D05DD3D006BFB54 /* SourDough */ = {
			isa = PBXNativeTarget;
			buildConfigurationList = 1D6058960D05DD3E006BFB54 /* Build configuration list for PBXNativeTarget "SourDough" */;
			buildPhases = (
				1D60588D0D05DD3D006BFB54 /* Resources */,
				1D60588E0D05DD3D006BFB54 /* Sources */,
				1D60588F0D05DD3D006BFB54 /* Frameworks */,
			);
			buildRules = (
			);
			dependencies = (
			);
			name = SourDough;
			productName = SourDough;
			productReference = 1D6058910D05DD3D006BFB54 /* SourDough.app */;
			productType = "com.apple.product-type.application";
		};
/* End PBXNativeTarget section */

/* Begin PBXProject section */
		29B97313FDCFA39411CA2CEA /* Project object */ = {
			isa = PBXProject;
			buildConfigurationList = C01FCF4E08A954540054247B /* Build configuration list for PBXProject "SourDough" */;
			compatibilityVersion = "Xcode 3.1";
			hasScannedForEncodings = 1;
			knownRegions = (
				English,
				Japanese,
				French,
				German,
				en,
			);
			mainGroup = 29B97314FDCFA39411CA2CEA /* CustomTemplate */;
			projectDirPath = "";
			projectRoot = "";
			targets = (
				1D6058900D05DD3D006BFB54 /* SourDough */,
			);
		};
/* End PBXProject section */

/* Begin PBXResourcesBuildPhase section */
		1D60588D0D05DD3D006BFB54 /* Resources */ = {
			isa = PBXResourcesBuildPhase;
			buildActionMask = 2147483647;
			files = (
				280E754D0DD40C5E005A515E /* FlipsideView.xib in Resources */,
				280E754E0DD40C5E005A515E /* MainView.xib in Resources */,
				280E754F0DD40C5E005A515E /* MainWindow.xib in Resources */,
				94CFDF440ECA9590004074F2 /* Face.png in Resources */,
				94CFDF460ECA9721004074F2 /* BG.png in Resources */,
				94CFDF480ECA97AD004074F2 /* Bubble.png in Resources */,
				94CFDF4D0ECA9A75004074F2 /* Drop.png in Resources */,
				94CFDF5A0ECA9B91004074F2 /* PageOne.xib in Resources */,
				94CFDF9A0ECA9D62004074F2 /* PageTwo.xib in Resources */,
				94E5F3F70ED0EAFA00257986 /* blimp-bg-0-earlymorning.png in Resources */,
				94E5F3F80ED0EAFA00257986 /* blimp-bg-4-night.png in Resources */,
				94E5F3F90ED0EAFA00257986 /* blimp-bg-2-midday.png in Resources */,
				94E5F3FA0ED0EAFA00257986 /* blimp-bg-3-evening.png in Resources */,
				94E5F3FB0ED0EAFA00257986 /* blimp-bg-5-latenight.png in Resources */,
				94E5F3FC0ED0EAFA00257986 /* blimp-bg-1-morning.png in Resources */,
				94E5F4190ED0EE9400257986 /* trans-box.png in Resources */,
				94E5F4B70ED24A1D00257986 /* 1sel.png in Resources */,
				94E5F4B80ED24A1D00257986 /* 1un.png in Resources */,
				94E5F4C10ED24B3E00257986 /* 2sel.png in Resources */,
				94E5F4C20ED24B3E00257986 /* 3un.png in Resources */,
				94E5F4C30ED24B3E00257986 /* 3sel.png in Resources */,
				94E5F4C40ED24B3E00257986 /* 2un.png in Resources */,
				94E5F4D40ED24CC500257986 /* 8un.png in Resources */,
				94E5F4D50ED24CC500257986 /* 8sel.png in Resources */,
				94E5F4D60ED24CC500257986 /* 5sel.png in Resources */,
				94E5F4D70ED24CC500257986 /* 7sel.png in Resources */,
				94E5F4D80ED24CC500257986 /* 9sel.png in Resources */,
				94E5F4D90ED24CC500257986 /* 4sel.png in Resources */,
				94E5F4DA0ED24CC500257986 /* 6un.png in Resources */,
				94E5F4DB0ED24CC500257986 /* 7un.png in Resources */,
				94E5F4DC0ED24CC500257986 /* 5un.png in Resources */,
				94E5F4DD0ED24CC500257986 /* 9un.png in Resources */,
				94E5F4DE0ED24CC500257986 /* 6sel.png in Resources */,
				94E5F4DF0ED24CC500257986 /* 4un.png in Resources */,
				94E5F4E40ED24CCC00257986 /* dotsel.png in Resources */,
				94E5F4E50ED24CCC00257986 /* delsel.png in Resources */,
				94E5F4E60ED24CCC00257986 /* delun.png in Resources */,
				94E5F4E70ED24CCC00257986 /* dotun.png in Resources */,
				94E5F4EA0ED24D5900257986 /* 0un.png in Resources */,
				94E5F4EB0ED24D5900257986 /* 0sel.png in Resources */,
				94E5F4FD0ED252F100257986 /* bar.png in Resources */,
			);
			runOnlyForDeploymentPostprocessing = 0;
		};
/* End PBXResourcesBuildPhase section */

/* Begin PBXSourcesBuildPhase section */
		1D60588E0D05DD3D006BFB54 /* Sources */ = {
			isa = PBXSourcesBuildPhase;
			buildActionMask = 2147483647;
			files = (
				1D60589B0D05DD56006BFB54 /* main.m in Sources */,
				1D3623260D0F684500981E51 /* SourDoughAppDelegate.m in Sources */,
				289233A60DB2D0840083E9F9 /* FlipsideView.m in Sources */,
				289233A70DB2D0840083E9F9 /* MainView.m in Sources */,
				289233AE0DB2D0DB0083E9F9 /* MainViewController.m in Sources */,
				289233AF0DB2D0DB0083E9F9 /* RootViewController.m in Sources */,
				289233B00DB2D0DB0083E9F9 /* FlipsideViewController.m in Sources */,
				94CFDF5F0ECA9BCF004074F2 /* PageOneViewController.m in Sources */,
				94CFDF980ECA9D56004074F2 /* PageTwoViewController.m in Sources */,
			);
			runOnlyForDeploymentPostprocessing = 0;
		};
/* End PBXSourcesBuildPhase section */

/* Begin XCBuildConfiguration section */
		1D6058940D05DD3E006BFB54 /* Debug */ = {
			isa = XCBuildConfiguration;
			buildSettings = {
				ALWAYS_SEARCH_USER_PATHS = NO;
				COPY_PHASE_STRIP = NO;
				GCC_DYNAMIC_NO_PIC = NO;
				GCC_OPTIMIZATION_LEVEL = 0;
				GCC_PRECOMPILE_PREFIX_HEADER = YES;
				GCC_PREFIX_HEADER = SourDough_Prefix.pch;
				INFOPLIST_FILE = Info.plist;
				PRODUCT_NAME = SourDough;
			};
			name = Debug;
		};
		1D6058950D05DD3E006BFB54 /* Release */ = {
			isa = XCBuildConfiguration;
			buildSettings = {
				ALWAYS_SEARCH_USER_PATHS = NO;
				COPY_PHASE_STRIP = YES;
				GCC_PRECOMPILE_PREFIX_HEADER = YES;
				GCC_PREFIX_HEADER = SourDough_Prefix.pch;
				INFOPLIST_FILE = Info.plist;
				PRODUCT_NAME = SourDough;
			};
			name = Release;
		};
		C01FCF4F08A954540054247B /* Debug */ = {
			isa = XCBuildConfiguration;
			buildSettings = {
				ARCHS = "$(ARCHS_STANDARD_32_BIT)";
				"CODE_SIGN_IDENTITY[sdk=iphoneos*]" = "iPhone Developer";
				GCC_C_LANGUAGE_STANDARD = c99;
				GCC_WARN_ABOUT_RETURN_TYPE = YES;
				GCC_WARN_UNUSED_VARIABLE = YES;
				ONLY_ACTIVE_ARCH = YES;
				PREBINDING = NO;
				SDKROOT = iphoneos2.1;
			};
			name = Debug;
		};
		C01FCF5008A954540054247B /* Release */ = {
			isa = XCBuildConfiguration;
			buildSettings = {
				ARCHS = "$(ARCHS_STANDARD_32_BIT)";
				"CODE_SIGN_IDENTITY[sdk=iphoneos*]" = "iPhone Developer";
				GCC_C_LANGUAGE_STANDARD = c99;
				GCC_WARN_ABOUT_RETURN_TYPE = YES;
				GCC_WARN_UNUSED_VARIABLE = YES;
				PREBINDING = NO;
				SDKROOT = iphoneos2.1;
			};
			name = Release;
		};
/* End XCBuildConfiguration section */

/* Begin XCConfigurationList section */
		1D6058960D05DD3E006BFB54 /* Build configuration list for PBXNativeTarget "SourDough" */ = {
			isa = XCConfigurationList;
			buildConfigurations = (
				1D6058940D05DD3E006BFB54 /* Debug */,
				1D6058950D05DD3E006BFB54 /* Release */,
			);
			defaultConfigurationIsVisible = 0;
			defaultConfigurationName = Release;
		};
		C01FCF4E08A954540054247B /* Build configuration list for PBXProject "SourDough" */ = {
			isa = XCConfigurationList;
			buildConfigurations = (
				C01FCF4F08A954540054247B /* Debug */,
				C01FCF5008A954540054247B /* Release */,
			);
			defaultConfigurationIsVisible = 0;
			defaultConfigurationName = Release;
		};
/* End XCConfigurationList section */
	};
	rootObject = 29B97313FDCFA39411CA2CEA /* Project object */;
}
